
Microsoft Visual Studio Solution File, Format Version 12.00
# Visual Studio Version 17
VisualStudioVersion = 17.14.36429.23 d17.14
MinimumVisualStudioVersion = 10.0.40219.1
Project("{FAE04EC0-301F-11D3-BF4B-00C04F79EFBC}") = "Bridge App", "Bridge App.csproj", "{A7E132FA-F888-4B0F-97C2-71FA96E7D3B7}"
EndProject
Global
	GlobalSection(SolutionConfigurationPlatforms) = preSolution
		Debug|Any CPU = Debug|Any CPU
		Release|Any CPU = Release|Any CPU
	EndGlobalSection
	GlobalSection(ProjectConfigurationPlatforms) = postSolution
		{A7E132FA-F888-4B0F-97C2-71FA96E7D3B7}.Debug|Any CPU.ActiveCfg = Debug|Any CPU
		{A7E132FA-F888-4B0F-97C2-71FA96E7D3B7}.Debug|Any CPU.Build.0 = Debug|Any CPU
		{A7E132FA-F888-4B0F-97C2-71FA96E7D3B7}.Release|Any CPU.ActiveCfg = Release|Any CPU
		{A7E132FA-F888-4B0F-97C2-71FA96E7D3B7}.Release|Any CPU.Build.0 = Release|Any CPU
	EndGlobalSection
	GlobalSection(SolutionProperties) = preSolution
		HideSolutionNode = FALSE
	EndGlobalSection
	GlobalSection(ExtensibilityGlobals) = postSolution
		SolutionGuid = {F0E05401-28B4-4A7F-AC94-94735EDECEC5}
	EndGlobalSection
EndGlobal
